
Microsoft Visual Studio Solution File, Format Version 12.00
# Visual Studio Version 17
VisualStudioVersion = 17.9.34714.143
MinimumVisualStudioVersion = 10.0.40219.1
Project("{FAE04EC0-301F-11D3-BF4B-00C04F79EFBC}") = "TreeAlgorithm", "TreeAlgorithm.csproj", "{FC1758F7-6C73-4C0A-A7BC-3EC9558E9803}"
EndProject
Global
	GlobalSection(SolutionConfigurationPlatforms) = preSolution
		Debug|Any CPU = Debug|Any CPU
		Release|Any CPU = Release|Any CPU
	EndGlobalSection
	GlobalSection(ProjectConfigurationPlatforms) = postSolution
		{FC1758F7-6C73-4C0A-A7BC-3EC9558E9803}.Debug|Any CPU.ActiveCfg = Debug|Any CPU
		{FC1758F7-6C73-4C0A-A7BC-3EC9558E9803}.Debug|Any CPU.Build.0 = Debug|Any CPU
		{FC1758F7-6C73-4C0A-A7BC-3EC9558E9803}.Release|Any CPU.ActiveCfg = Release|Any CPU
		{FC1758F7-6C73-4C0A-A7BC-3EC9558E9803}.Release|Any CPU.Build.0 = Release|Any CPU
	EndGlobalSection
	GlobalSection(SolutionProperties) = preSolution
		HideSolutionNode = FALSE
	EndGlobalSection
	GlobalSection(ExtensibilityGlobals) = postSolution
		SolutionGuid = {3D624627-0688-40CD-9A4C-C31619F4E7D1}
	EndGlobalSection
EndGlobal
